
Microsoft Visual Studio Solution File, Format Version 12.00
# Visual Studio Version 17
VisualStudioVersion = 17.2.32616.157
MinimumVisualStudioVersion = 10.0.40219.1
Project("{FAE04EC0-301F-11D3-BF4B-00C04F79EFBC}") = "Beauty_Motos", "Beauty_Motos\Beauty_Motos.csproj", "{2C4CF696-B8E9-4947-9803-479528884E46}"
EndProject
Global
	GlobalSection(SolutionConfigurationPlatforms) = preSolution
		Debug|Any CPU = Debug|Any CPU
		Release|Any CPU = Release|Any CPU
	EndGlobalSection
	GlobalSection(ProjectConfigurationPlatforms) = postSolution
		{2C4CF696-B8E9-4947-9803-479528884E46}.Debug|Any CPU.ActiveCfg = Debug|Any CPU
		{2C4CF696-B8E9-4947-9803-479528884E46}.Debug|Any CPU.Build.0 = Debug|Any CPU
		{2C4CF696-B8E9-4947-9803-479528884E46}.Release|Any CPU.ActiveCfg = Release|Any CPU
		{2C4CF696-B8E9-4947-9803-479528884E46}.Release|Any CPU.Build.0 = Release|Any CPU
	EndGlobalSection
	GlobalSection(SolutionProperties) = preSolution
		HideSolutionNode = FALSE
	EndGlobalSection
	GlobalSection(ExtensibilityGlobals) = postSolution
		SolutionGuid = {AACECB4E-C546-4A90-829A-97ACE768E300}
	EndGlobalSection
EndGlobal
